
Microsoft Visual Studio Solution File, Format Version 12.00
# Visual Studio Version 17
VisualStudioVersion = 17.9.34728.123
MinimumVisualStudioVersion = 10.0.40219.1
Project("{FAE04EC0-301F-11D3-BF4B-00C04F79EFBC}") = "MyWebSite", "MyWebSite\MyWebSite.csproj", "{4A7249EC-D38D-434A-96F2-6E43AEFBDCEA}"
EndProject
Global
	GlobalSection(SolutionConfigurationPlatforms) = preSolution
		Debug|Any CPU = Debug|Any CPU
		Release|Any CPU = Release|Any CPU
	EndGlobalSection
	GlobalSection(ProjectConfigurationPlatforms) = postSolution
		{4A7249EC-D38D-434A-96F2-6E43AEFBDCEA}.Debug|Any CPU.ActiveCfg = Debug|Any CPU
		{4A7249EC-D38D-434A-96F2-6E43AEFBDCEA}.Debug|Any CPU.Build.0 = Debug|Any CPU
		{4A7249EC-D38D-434A-96F2-6E43AEFBDCEA}.Release|Any CPU.ActiveCfg = Release|Any CPU
		{4A7249EC-D38D-434A-96F2-6E43AEFBDCEA}.Release|Any CPU.Build.0 = Release|Any CPU
	EndGlobalSection
	GlobalSection(SolutionProperties) = preSolution
		HideSolutionNode = FALSE
	EndGlobalSection
	GlobalSection(ExtensibilityGlobals) = postSolution
		SolutionGuid = {B1012F0B-BFFB-4975-B4A4-6E36F65C90C1}
	EndGlobalSection
EndGlobal
